
Microsoft Visual Studio Solution File, Format Version 10.00
# Visual C++ Express 2008
Project("{8BC9CEB8-8B4A-11D0-8D11-00A0C91BC942}") = "SimpleGameTheory", "SimpleGameTheory\SimpleGameTheory.vcproj", "{CC8943BC-BC3A-416F-B3BB-8EFC77ABE756}"
EndProject
Project("{8BC9CEB8-8B4A-11D0-8D11-00A0C91BC942}") = "CollistionDemo", "CollistionDemo\CollistionDemo.vcproj", "{08D2BB64-B714-4E24-9C65-9898B97D7200}"
EndProject
Global
	GlobalSection(SolutionConfigurationPlatforms) = preSolution
		Debug|Win32 = Debug|Win32
		Release|Win32 = Release|Win32
	EndGlobalSection
	GlobalSection(ProjectConfigurationPlatforms) = postSolution
		{CC8943BC-BC3A-416F-B3BB-8EFC77ABE756}.Debug|Win32.ActiveCfg = Debug|Win32
		{CC8943BC-BC3A-416F-B3BB-8EFC77ABE756}.Debug|Win32.Build.0 = Debug|Win32
		{CC8943BC-BC3A-416F-B3BB-8EFC77ABE756}.Release|Win32.ActiveCfg = Release|Win32
		{CC8943BC-BC3A-416F-B3BB-8EFC77ABE756}.Release|Win32.Build.0 = Release|Win32
		{08D2BB64-B714-4E24-9C65-9898B97D7200}.Debug|Win32.ActiveCfg = Debug|Win32
		{08D2BB64-B714-4E24-9C65-9898B97D7200}.Debug|Win32.Build.0 = Debug|Win32
		{08D2BB64-B714-4E24-9C65-9898B97D7200}.Release|Win32.ActiveCfg = Release|Win32
		{08D2BB64-B714-4E24-9C65-9898B97D7200}.Release|Win32.Build.0 = Release|Win32
	EndGlobalSection
	GlobalSection(SolutionProperties) = preSolution
		HideSolutionNode = FALSE
	EndGlobalSection
EndGlobal
